{
  "name": "abTestTool",
  "version": "1.0.3",
  "lockfileVersion": 1,
  "requires": true,
  "dependencies": {
    "csv": {
      "version": "2.0.0",
      "resolved": "http://registry.npm.taobao.org/csv/download/csv-2.0.0.tgz",
      "integrity": "sha1-DVHY+j7OJ4tUCfeVcX/PzVrOmz4=",
      "requires": {
        "csv-generate": "2.0.0",
        "csv-parse": "2.0.0",
        "csv-stringify": "2.0.1",
        "stream-transform": "1.0.0"
      }
    },
    "csv-generate": {
      "version": "2.0.0",
      "resolved": "http://registry.npm.taobao.org/csv-generate/download/csv-generate-2.0.0.tgz",
      "integrity": "sha1-q0/cMNtc5niwfVOITGn6VFYYslw="
    },
    "csv-parse": {
      "version": "2.0.0",
      "resolved": "http://registry.npm.taobao.org/csv-parse/download/csv-parse-2.0.0.tgz",
      "integrity": "sha1-TqIslzIzmH8HaIxgGi1GAjT/VtE="
    },
    "csv-stringify": {
      "version": "2.0.1",
      "resolved": "http://registry.npm.taobao.org/csv-stringify/download/csv-stringify-2.0.1.tgz",
      "integrity": "sha1-u6Kh4RKYGLs+ZxKRTsPITUWp2MA=",
      "requires": {
        "lodash.get": "4.4.2"
      }
    },
    "lodash.get": {
      "version": "4.4.2",
      "resolved": "http://registry.npm.taobao.org/lodash.get/download/lodash.get-4.4.2.tgz",
      "integrity": "sha1-LRd/ZS+jHpObRDjVNBSZ36OCXpk="
    },
    "stream-transform": {
      "version": "1.0.0",
      "resolved": "http://registry.npm.taobao.org/stream-transform/download/stream-transform-1.0.0.tgz",
      "integrity": "sha1-1O84aRPW7BAgUrx1/AUWlHqWHxA="
    }
  }
}
